# This file was autogenerated by Stack.
# You should not edit this file by hand.
# For more information, please see the documentation at:
#   https://docs.haskellstack.org/en/stable/lock_files

packages:
- completed:
    subdir: morpheus-graphql-core
    name: morpheus-graphql-core
    version: 0.14.1
    git: https://github.com/morpheusgraphql/morpheus-graphql.git
    pantry-tree:
      size: 20910
      sha256: 4bb4d1cedc86f2e489c43bb7534514d2cde2356e84cfb2b8c8055e4e6ba61512
    commit: 9d4e6347463b28484d8fee167ec05f5aec5a6164
  original:
    subdir: morpheus-graphql-core
    git: https://github.com/morpheusgraphql/morpheus-graphql.git
    commit: 9d4e6347463b28484d8fee167ec05f5aec5a6164
- completed:
    subdir: morpheus-graphql-client
    name: morpheus-graphql-client
    version: 0.14.1
    git: https://github.com/morpheusgraphql/morpheus-graphql.git
    pantry-tree:
      size: 1655
      sha256: a4f1f04b1df40c6f2ffc3b562d29abd896f8aa32cf09f97d59b0169ddf386966
    commit: 9d4e6347463b28484d8fee167ec05f5aec5a6164
  original:
    subdir: morpheus-graphql-client
    git: https://github.com/morpheusgraphql/morpheus-graphql.git
    commit: 9d4e6347463b28484d8fee167ec05f5aec5a6164
snapshots:
- completed:
    size: 532380
    url: https://raw.githubusercontent.com/commercialhaskell/stackage-snapshots/master/lts/16/9.yaml
    sha256: 14a7cec114424e4286adde73364438927a553ed248cc50f069a30a67e3ee1e69
  original: lts-16.9
