# This file was autogenerated by Stack.
# You should not edit this file by hand.
# For more information, please see the documentation at:
#   https://docs.haskellstack.org/en/stable/lock_files

packages:
- completed:
    subdir: morpheus-graphql-core
    name: morpheus-graphql-core
    version: 0.14.1
    git: https://github.com/morpheusgraphql/morpheus-graphql.git
    pantry-tree:
      size: 20910
      sha256: 2b86d7db01b315628a992344caa242f88b07155404f8b38eb5937043815af3af
    commit: 3e3a00bea3e03f1e83793c4ef7fcf9c29f73d7e7
  original:
    subdir: morpheus-graphql-core
    git: https://github.com/morpheusgraphql/morpheus-graphql.git
    commit: 3e3a00bea3e03f1e83793c4ef7fcf9c29f73d7e7
- completed:
    subdir: morpheus-graphql-client
    name: morpheus-graphql-client
    version: 0.14.1
    git: https://github.com/morpheusgraphql/morpheus-graphql.git
    pantry-tree:
      size: 1655
      sha256: 9ff1679920691d74d8adf73bb00b7e010b13546c9bd37757d1c625eb4503f3e9
    commit: 3e3a00bea3e03f1e83793c4ef7fcf9c29f73d7e7
  original:
    subdir: morpheus-graphql-client
    git: https://github.com/morpheusgraphql/morpheus-graphql.git
    commit: 3e3a00bea3e03f1e83793c4ef7fcf9c29f73d7e7
snapshots:
- completed:
    size: 532380
    url: https://raw.githubusercontent.com/commercialhaskell/stackage-snapshots/master/lts/16/9.yaml
    sha256: 14a7cec114424e4286adde73364438927a553ed248cc50f069a30a67e3ee1e69
  original: lts-16.9
