# This file was autogenerated by Stack.
# You should not edit this file by hand.
# For more information, please see the documentation at:
#   https://docs.haskellstack.org/en/stable/lock_files

packages:
- completed:
    subdir: morpheus-graphql-core
    name: morpheus-graphql-core
    version: 0.13.0
    git: https://github.com/morpheusgraphql/morpheus-graphql.git
    pantry-tree:
      size: 18296
      sha256: 871b95a2a4650b28fa73f9023eae7d44d1fd6540f23628513b82e8eb6040cf07
    commit: 57de5110e95b834fb92aba393757923273241328
  original:
    subdir: morpheus-graphql-core
    git: https://github.com/morpheusgraphql/morpheus-graphql.git
    commit: 57de5110e95b834fb92aba393757923273241328
- completed:
    subdir: morpheus-graphql-client
    name: morpheus-graphql-client
    version: 0.13.0
    git: https://github.com/morpheusgraphql/morpheus-graphql.git
    pantry-tree:
      size: 1332
      sha256: 4a25cc9dda5245379c8973c31e0cf8037344f5e713a383cea0964bf09af35140
    commit: 57de5110e95b834fb92aba393757923273241328
  original:
    subdir: morpheus-graphql-client
    git: https://github.com/morpheusgraphql/morpheus-graphql.git
    commit: 57de5110e95b834fb92aba393757923273241328
snapshots:
- completed:
    size: 532379
    url: https://raw.githubusercontent.com/commercialhaskell/stackage-snapshots/master/lts/16/8.yaml
    sha256: 2ad3210d2ad35f3176005d68369a18e4d984517bfaa2caade76f28ed0b2e0521
  original: lts-16.8
